dependencies:
- name: subchart1
  repository: file:///home/nlsgand/workspace/local/repo/k8s/helm-charts/example2/subchart1
  version: 0.2.0
- name: subchart2
  repository: file:///home/nlsgand/workspace/local/repo/k8s/helm-charts/example2/subchart2
  version: 0.3.0
digest: sha256:b55f9d876437d84022c90033bb6e4be3b47756131935cb925d5e97a2dba6c3c0
generated: "2022-02-03T12:34:29.2104799+01:00"
